
Microsoft Visual Studio Solution File, Format Version 12.00
# Visual Studio Version 16
VisualStudioVersion = 16.0.30503.244
MinimumVisualStudioVersion = 10.0.40219.1
Project("{9A19103F-16F7-4668-BE54-9A1E7A4F7556}") = "BotSampleLuis", "BotSampleLuis\BotSampleLuis.csproj", "{476D2735-C2FF-41FD-8FDE-F2672FA8D2D9}"
EndProject
Global
	GlobalSection(SolutionConfigurationPlatforms) = preSolution
		Debug|Any CPU = Debug|Any CPU
		Release|Any CPU = Release|Any CPU
	EndGlobalSection
	GlobalSection(ProjectConfigurationPlatforms) = postSolution
		{476D2735-C2FF-41FD-8FDE-F2672FA8D2D9}.Debug|Any CPU.ActiveCfg = Debug|Any CPU
		{476D2735-C2FF-41FD-8FDE-F2672FA8D2D9}.Debug|Any CPU.Build.0 = Debug|Any CPU
		{476D2735-C2FF-41FD-8FDE-F2672FA8D2D9}.Release|Any CPU.ActiveCfg = Release|Any CPU
		{476D2735-C2FF-41FD-8FDE-F2672FA8D2D9}.Release|Any CPU.Build.0 = Release|Any CPU
	EndGlobalSection
	GlobalSection(SolutionProperties) = preSolution
		HideSolutionNode = FALSE
	EndGlobalSection
	GlobalSection(ExtensibilityGlobals) = postSolution
		SolutionGuid = {A3F47290-2776-4136-971F-2778356C75A1}
	EndGlobalSection
EndGlobal
